
Microsoft Visual Studio Solution File, Format Version 12.00
# Visual Studio Version 16
VisualStudioVersion = 16.0.30114.105
MinimumVisualStudioVersion = 10.0.40219.1
Project("{2150E333-8FDC-42A3-9474-1A3956D46DE8}") = "src", "src", "{4995C635-078C-4DD2-B381-966F9D155482}"
EndProject
Project("{FAE04EC0-301F-11D3-BF4B-00C04F79EFBC}") = "Benday.PrincipalTest.Api", "src\Benday.PrincipalTest.Api\Benday.PrincipalTest.Api.csproj", "{D3E49171-F237-4151-933E-EB27C6D4C145}"
EndProject
Project("{FAE04EC0-301F-11D3-BF4B-00C04F79EFBC}") = "Benday.PrincipalTest.WebUi", "src\Benday.PrincipalTest.WebUi\Benday.PrincipalTest.WebUi.csproj", "{2788FC95-F303-43CE-8222-CAA126B62513}"
EndProject
Project("{2150E333-8FDC-42A3-9474-1A3956D46DE8}") = "test", "test", "{F067671C-A085-4D5C-A350-64A73C3B2D4E}"
EndProject
Project("{FAE04EC0-301F-11D3-BF4B-00C04F79EFBC}") = "Benday.PrincipalTest.UnitTests", "test\Benday.PrincipalTest.UnitTests\Benday.PrincipalTest.UnitTests.csproj", "{D5BB2C58-8C5B-4F7D-AA8F-418A33E1BD50}"
EndProject
Project("{FAE04EC0-301F-11D3-BF4B-00C04F79EFBC}") = "Benday.PrincipalTest.IntegrationTests", "test\Benday.PrincipalTest.IntegrationTests\Benday.PrincipalTest.IntegrationTests.csproj", "{274C9EE4-DFB2-4487-BACD-5A88AD2F4A22}"
EndProject
Global
	GlobalSection(SolutionConfigurationPlatforms) = preSolution
		Debug|Any CPU = Debug|Any CPU
		Debug|x64 = Debug|x64
		Debug|x86 = Debug|x86
		Release|Any CPU = Release|Any CPU
		Release|x64 = Release|x64
		Release|x86 = Release|x86
	EndGlobalSection
	GlobalSection(SolutionProperties) = preSolution
		HideSolutionNode = FALSE
	EndGlobalSection
	GlobalSection(ProjectConfigurationPlatforms) = postSolution
		{D3E49171-F237-4151-933E-EB27C6D4C145}.Debug|Any CPU.ActiveCfg = Debug|Any CPU
		{D3E49171-F237-4151-933E-EB27C6D4C145}.Debug|Any CPU.Build.0 = Debug|Any CPU
		{D3E49171-F237-4151-933E-EB27C6D4C145}.Debug|x64.ActiveCfg = Debug|Any CPU
		{D3E49171-F237-4151-933E-EB27C6D4C145}.Debug|x64.Build.0 = Debug|Any CPU
		{D3E49171-F237-4151-933E-EB27C6D4C145}.Debug|x86.ActiveCfg = Debug|Any CPU
		{D3E49171-F237-4151-933E-EB27C6D4C145}.Debug|x86.Build.0 = Debug|Any CPU
		{D3E49171-F237-4151-933E-EB27C6D4C145}.Release|Any CPU.ActiveCfg = Release|Any CPU
		{D3E49171-F237-4151-933E-EB27C6D4C145}.Release|Any CPU.Build.0 = Release|Any CPU
		{D3E49171-F237-4151-933E-EB27C6D4C145}.Release|x64.ActiveCfg = Release|Any CPU
		{D3E49171-F237-4151-933E-EB27C6D4C145}.Release|x64.Build.0 = Release|Any CPU
		{D3E49171-F237-4151-933E-EB27C6D4C145}.Release|x86.ActiveCfg = Release|Any CPU
		{D3E49171-F237-4151-933E-EB27C6D4C145}.Release|x86.Build.0 = Release|Any CPU
		{2788FC95-F303-43CE-8222-CAA126B62513}.Debug|Any CPU.ActiveCfg = Debug|Any CPU
		{2788FC95-F303-43CE-8222-CAA126B62513}.Debug|Any CPU.Build.0 = Debug|Any CPU
		{2788FC95-F303-43CE-8222-CAA126B62513}.Debug|x64.ActiveCfg = Debug|Any CPU
		{2788FC95-F303-43CE-8222-CAA126B62513}.Debug|x64.Build.0 = Debug|Any CPU
		{2788FC95-F303-43CE-8222-CAA126B62513}.Debug|x86.ActiveCfg = Debug|Any CPU
		{2788FC95-F303-43CE-8222-CAA126B62513}.Debug|x86.Build.0 = Debug|Any CPU
		{2788FC95-F303-43CE-8222-CAA126B62513}.Release|Any CPU.ActiveCfg = Release|Any CPU
		{2788FC95-F303-43CE-8222-CAA126B62513}.Release|Any CPU.Build.0 = Release|Any CPU
		{2788FC95-F303-43CE-8222-CAA126B62513}.Release|x64.ActiveCfg = Release|Any CPU
		{2788FC95-F303-43CE-8222-CAA126B62513}.Release|x64.Build.0 = Release|Any CPU
		{2788FC95-F303-43CE-8222-CAA126B62513}.Release|x86.ActiveCfg = Release|Any CPU
		{2788FC95-F303-43CE-8222-CAA126B62513}.Release|x86.Build.0 = Release|Any CPU
		{D5BB2C58-8C5B-4F7D-AA8F-418A33E1BD50}.Debug|Any CPU.ActiveCfg = Debug|Any CPU
		{D5BB2C58-8C5B-4F7D-AA8F-418A33E1BD50}.Debug|Any CPU.Build.0 = Debug|Any CPU
		{D5BB2C58-8C5B-4F7D-AA8F-418A33E1BD50}.Debug|x64.ActiveCfg = Debug|Any CPU
		{D5BB2C58-8C5B-4F7D-AA8F-418A33E1BD50}.Debug|x64.Build.0 = Debug|Any CPU
		{D5BB2C58-8C5B-4F7D-AA8F-418A33E1BD50}.Debug|x86.ActiveCfg = Debug|Any CPU
		{D5BB2C58-8C5B-4F7D-AA8F-418A33E1BD50}.Debug|x86.Build.0 = Debug|Any CPU
		{D5BB2C58-8C5B-4F7D-AA8F-418A33E1BD50}.Release|Any CPU.ActiveCfg = Release|Any CPU
		{D5BB2C58-8C5B-4F7D-AA8F-418A33E1BD50}.Release|Any CPU.Build.0 = Release|Any CPU
		{D5BB2C58-8C5B-4F7D-AA8F-418A33E1BD50}.Release|x64.ActiveCfg = Release|Any CPU
		{D5BB2C58-8C5B-4F7D-AA8F-418A33E1BD50}.Release|x64.Build.0 = Release|Any CPU
		{D5BB2C58-8C5B-4F7D-AA8F-418A33E1BD50}.Release|x86.ActiveCfg = Release|Any CPU
		{D5BB2C58-8C5B-4F7D-AA8F-418A33E1BD50}.Release|x86.Build.0 = Release|Any CPU
		{274C9EE4-DFB2-4487-BACD-5A88AD2F4A22}.Debug|Any CPU.ActiveCfg = Debug|Any CPU
		{274C9EE4-DFB2-4487-BACD-5A88AD2F4A22}.Debug|Any CPU.Build.0 = Debug|Any CPU
		{274C9EE4-DFB2-4487-BACD-5A88AD2F4A22}.Debug|x64.ActiveCfg = Debug|Any CPU
		{274C9EE4-DFB2-4487-BACD-5A88AD2F4A22}.Debug|x64.Build.0 = Debug|Any CPU
		{274C9EE4-DFB2-4487-BACD-5A88AD2F4A22}.Debug|x86.ActiveCfg = Debug|Any CPU
		{274C9EE4-DFB2-4487-BACD-5A88AD2F4A22}.Debug|x86.Build.0 = Debug|Any CPU
		{274C9EE4-DFB2-4487-BACD-5A88AD2F4A22}.Release|Any CPU.ActiveCfg = Release|Any CPU
		{274C9EE4-DFB2-4487-BACD-5A88AD2F4A22}.Release|Any CPU.Build.0 = Release|Any CPU
		{274C9EE4-DFB2-4487-BACD-5A88AD2F4A22}.Release|x64.ActiveCfg = Release|Any CPU
		{274C9EE4-DFB2-4487-BACD-5A88AD2F4A22}.Release|x64.Build.0 = Release|Any CPU
		{274C9EE4-DFB2-4487-BACD-5A88AD2F4A22}.Release|x86.ActiveCfg = Release|Any CPU
		{274C9EE4-DFB2-4487-BACD-5A88AD2F4A22}.Release|x86.Build.0 = Release|Any CPU
	EndGlobalSection
	GlobalSection(NestedProjects) = preSolution
		{D3E49171-F237-4151-933E-EB27C6D4C145} = {4995C635-078C-4DD2-B381-966F9D155482}
		{2788FC95-F303-43CE-8222-CAA126B62513} = {4995C635-078C-4DD2-B381-966F9D155482}
		{D5BB2C58-8C5B-4F7D-AA8F-418A33E1BD50} = {F067671C-A085-4D5C-A350-64A73C3B2D4E}
		{274C9EE4-DFB2-4487-BACD-5A88AD2F4A22} = {F067671C-A085-4D5C-A350-64A73C3B2D4E}
	EndGlobalSection
EndGlobal
